{
  "lockfile_version": "1",
  "packages": {
    "bpftool@5.19.12": {
      "last_modified": "2023-02-24T09:01:09Z",
      "resolved": "github:NixOS/nixpkgs/7d0ed7f2e5aea07ab22ccb338d27fbe347ed2f11#bpftool",
      "source": "devbox-search",
      "version": "5.19.12",
      "systems": {
        "x86_64-linux": {
          "outputs": [
            {
              "path": "/tmp/containerbase/cache/nix/store/c9gskwavz26y6rx4xfagys8zai7zxwzs-bpftools-5.19.12",
              "default": true
            }
          ]
        }
      }
    },
    "bpftrace@0.23.5": {
      "last_modified": "2025-07-25T08:26:56Z",
      "resolved": "github:NixOS/nixpkgs/6027c30c8e9810896b92429f0092f624f7b1aace#bpftrace",
      "source": "devbox-search",
      "version": "0.23.5",
      "systems": {
        "aarch64-linux": {
          "outputs": [
            {
              "name": "out",
              "path": "/nix/store/iddw75076k0qnxxgx44kjfqzsjlx7h18-bpftrace-0.23.5",
              "default": true
            },
            {
              "name": "man",
              "path": "/nix/store/0191kk4qr24cqs0dplj8bk8c5qlv6rs0-bpftrace-0.23.5-man",
              "default": true
            }
          ],
          "store_path": "/nix/store/iddw75076k0qnxxgx44kjfqzsjlx7h18-bpftrace-0.23.5"
        },
        "x86_64-linux": {
          "outputs": [
            {
              "name": "out",
              "path": "/nix/store/31gp10b6b7hagwjb0j01y498pwxx31aw-bpftrace-0.23.5",
              "default": true
            },
            {
              "name": "man",
              "path": "/nix/store/ajpx9pd7d0w6lk5x1lvrjm3y2yh5bnbk-bpftrace-0.23.5-man",
              "default": true
            }
          ],
          "store_path": "/nix/store/31gp10b6b7hagwjb0j01y498pwxx31aw-bpftrace-0.23.5"
        }
      }
    },
    "clang_14@14.0.6": {
      "last_modified": "2025-03-23T05:31:05Z",
      "resolved": "github:NixOS/nixpkgs/dd613136ee91f67e5dba3f3f41ac99ae89c5406b#clang_14",
      "source": "devbox-search",
      "version": "14.0.6",
      "systems": {
        "aarch64-darwin": {
          "outputs": [
            {
              "name": "out",
              "path": "/nix/store/kpdkmg8xlwsqvgh7gnsr97knvc0q2l6x-clang-wrapper-14.0.6",
              "default": true
            }
          ],
          "store_path": "/nix/store/kpdkmg8xlwsqvgh7gnsr97knvc0q2l6x-clang-wrapper-14.0.6"
        },
        "aarch64-linux": {
          "outputs": [
            {
              "name": "out",
              "path": "/nix/store/bcb03j3ipgkilfjjqnh1sf30ip2xyd7x-clang-wrapper-14.0.6",
              "default": true
            }
          ],
          "store_path": "/nix/store/bcb03j3ipgkilfjjqnh1sf30ip2xyd7x-clang-wrapper-14.0.6"
        },
        "x86_64-darwin": {
          "outputs": [
            {
              "name": "out",
              "path": "/nix/store/b74hzjhijifhyhnbnz3x3x23z8l435z3-clang-wrapper-14.0.6",
              "default": true
            }
          ],
          "store_path": "/nix/store/b74hzjhijifhyhnbnz3x3x23z8l435z3-clang-wrapper-14.0.6"
        },
        "x86_64-linux": {
          "outputs": [
            {
              "name": "out",
              "path": "/nix/store/mnrgr0s90q5jvi9scprvdl3g1kqgpxyb-clang-wrapper-14.0.6",
              "default": true
            }
          ],
          "store_path": "/nix/store/mnrgr0s90q5jvi9scprvdl3g1kqgpxyb-clang-wrapper-14.0.6"
        }
      }
    },
    "github:NixOS/nixpkgs/nixpkgs-unstable": {
      "last_modified": "2025-06-10T12:31:18Z",
      "resolved": "github:NixOS/nixpkgs/a12f3a99614894502e73eb816e9e076b0ab05730?lastModified=1749558678&narHash=sha256-DUVAe8E2X2QM0dAnTGlTiqemMqUMMyIeCH7UeNo0g64%3D"
    },
    "go@1.24.4": {
      "last_modified": "2025-07-13T22:45:35Z",
      "resolved": "github:NixOS/nixpkgs/a421ac6595024edcfbb1ef950a3712b89161c359#go",
      "source": "devbox-search",
      "version": "1.24.4",
      "systems": {
        "aarch64-darwin": {
          "outputs": [
            {
              "name": "out",
              "path": "/nix/store/f4a0g1p943l61wfvqnpdr73v9bsyfhf2-go-1.24.4",
              "default": true
            }
          ],
          "store_path": "/nix/store/f4a0g1p943l61wfvqnpdr73v9bsyfhf2-go-1.24.4"
        },
        "aarch64-linux": {
          "outputs": [
            {
              "name": "out",
              "path": "/nix/store/mdyik6amglpjs533vk927f9w1qmyw239-go-1.24.4",
              "default": true
            }
          ],
          "store_path": "/nix/store/mdyik6amglpjs533vk927f9w1qmyw239-go-1.24.4"
        },
        "x86_64-darwin": {
          "outputs": [
            {
              "name": "out",
              "path": "/nix/store/b56ngr9p7x6z368w8m7ps95r3x8gdfv7-go-1.24.4",
              "default": true
            }
          ],
          "store_path": "/nix/store/b56ngr9p7x6z368w8m7ps95r3x8gdfv7-go-1.24.4"
        },
        "x86_64-linux": {
          "outputs": [
            {
              "name": "out",
              "path": "/nix/store/xrzqlk92h7z5mz9mlc4a9dyy91n5b68i-go-1.24.4",
              "default": true
            }
          ],
          "store_path": "/nix/store/xrzqlk92h7z5mz9mlc4a9dyy91n5b68i-go-1.24.4"
        }
      }
    },
    "golangci-lint@2.3.0": {
      "last_modified": "2025-07-24T15:00:16Z",
      "resolved": "github:NixOS/nixpkgs/b74a30dbc0a72e20df07d43109339f780b439291#golangci-lint",
      "source": "devbox-search",
      "version": "2.3.0",
      "systems": {
        "aarch64-darwin": {
          "outputs": [
            {
              "name": "out",
              "path": "/nix/store/0lb3jkw68ak357vdfikgginixqinq255-golangci-lint-2.3.0",
              "default": true
            }
          ],
          "store_path": "/nix/store/0lb3jkw68ak357vdfikgginixqinq255-golangci-lint-2.3.0"
        },
        "aarch64-linux": {
          "outputs": [
            {
              "name": "out",
              "path": "/nix/store/618pl31148lx6xh7klssg5dixlx5rir8-golangci-lint-2.3.0",
              "default": true
            }
          ],
          "store_path": "/nix/store/618pl31148lx6xh7klssg5dixlx5rir8-golangci-lint-2.3.0"
        },
        "x86_64-darwin": {
          "outputs": [
            {
              "name": "out",
              "path": "/nix/store/d02jzmzngkaqv08ndmh7kw8n4hzjcr6r-golangci-lint-2.3.0",
              "default": true
            }
          ],
          "store_path": "/nix/store/d02jzmzngkaqv08ndmh7kw8n4hzjcr6r-golangci-lint-2.3.0"
        },
        "x86_64-linux": {
          "outputs": [
            {
              "name": "out",
              "path": "/nix/store/5l905mha8wzrxk2n4n7j7ymkc4v112dm-golangci-lint-2.3.0",
              "default": true
            }
          ],
          "store_path": "/nix/store/5l905mha8wzrxk2n4n7j7ymkc4v112dm-golangci-lint-2.3.0"
        }
      }
    },
    "kind@0.29.0": {
      "last_modified": "2025-07-13T22:45:35Z",
      "resolved": "github:NixOS/nixpkgs/a421ac6595024edcfbb1ef950a3712b89161c359#kind",
      "source": "devbox-search",
      "version": "0.29.0",
      "systems": {
        "aarch64-darwin": {
          "outputs": [
            {
              "name": "out",
              "path": "/nix/store/hdvmcakmznrsgl9pjcanr2h6qv126n4b-kind-0.29.0",
              "default": true
            }
          ],
          "store_path": "/nix/store/hdvmcakmznrsgl9pjcanr2h6qv126n4b-kind-0.29.0"
        },
        "aarch64-linux": {
          "outputs": [
            {
              "name": "out",
              "path": "/nix/store/xl038i13lbqm7l7ba6b1bf50n6jsf7si-kind-0.29.0",
              "default": true
            }
          ],
          "store_path": "/nix/store/xl038i13lbqm7l7ba6b1bf50n6jsf7si-kind-0.29.0"
        },
        "x86_64-darwin": {
          "outputs": [
            {
              "name": "out",
              "path": "/nix/store/pbycgb539fzywy96fz46g5k5gjwvafz7-kind-0.29.0",
              "default": true
            }
          ],
          "store_path": "/nix/store/pbycgb539fzywy96fz46g5k5gjwvafz7-kind-0.29.0"
        },
        "x86_64-linux": {
          "outputs": [
            {
              "name": "out",
              "path": "/nix/store/61cw38fcwwyrja1a4zxwrfmdq7j3m4hd-kind-0.29.0",
              "default": true
            }
          ],
          "store_path": "/nix/store/61cw38fcwwyrja1a4zxwrfmdq7j3m4hd-kind-0.29.0"
        }
      }
    },
    "kubectl@1.33.3": {
      "last_modified": "2025-07-24T15:00:16Z",
      "resolved": "github:NixOS/nixpkgs/b74a30dbc0a72e20df07d43109339f780b439291#kubectl",
      "source": "devbox-search",
      "version": "1.33.3",
      "systems": {
        "aarch64-darwin": {
          "outputs": [
            {
              "name": "out",
              "path": "/nix/store/m1fvpyk9mw3fp23wqlxihh6w0r4fhkmd-kubectl-1.33.3",
              "default": true
            },
            {
              "name": "man",
              "path": "/nix/store/w2bqn3a6vaj45qxja5c8gmbc99a8wkir-kubectl-1.33.3-man",
              "default": true
            },
            {
              "name": "convert",
              "path": "/nix/store/yignn45z556cckx8aldc9c4n5g2a884v-kubectl-1.33.3-convert"
            }
          ],
          "store_path": "/nix/store/m1fvpyk9mw3fp23wqlxihh6w0r4fhkmd-kubectl-1.33.3"
        },
        "aarch64-linux": {
          "outputs": [
            {
              "name": "out",
              "path": "/nix/store/5ddd4yyckqy2q46qbj96yw852f392sww-kubectl-1.33.3",
              "default": true
            },
            {
              "name": "man",
              "path": "/nix/store/rj9cbximfac01n3pyaiql1yscnnjgg1z-kubectl-1.33.3-man",
              "default": true
            },
            {
              "name": "convert",
              "path": "/nix/store/m4ignprpqqxm4lybn031058z3wqiq4j5-kubectl-1.33.3-convert"
            }
          ],
          "store_path": "/nix/store/5ddd4yyckqy2q46qbj96yw852f392sww-kubectl-1.33.3"
        },
        "x86_64-darwin": {
          "outputs": [
            {
              "name": "out",
              "path": "/nix/store/rabhlqv7mw9ffcjcqrs1jvga36hkvpck-kubectl-1.33.3",
              "default": true
            },
            {
              "name": "man",
              "path": "/nix/store/fmgpj9i1yvxnmq6snjhir22wp38kzzcl-kubectl-1.33.3-man",
              "default": true
            },
            {
              "name": "convert",
              "path": "/nix/store/b858yc4m20pmai391qzcn2frmjzq7m79-kubectl-1.33.3-convert"
            }
          ],
          "store_path": "/nix/store/rabhlqv7mw9ffcjcqrs1jvga36hkvpck-kubectl-1.33.3"
        },
        "x86_64-linux": {
          "outputs": [
            {
              "name": "out",
              "path": "/nix/store/54khy589jd9ishmn4m8mn25hjizn281r-kubectl-1.33.3",
              "default": true
            },
            {
              "name": "man",
              "path": "/nix/store/nmp3jif091rnknyqyrpfyigdsb08sb18-kubectl-1.33.3-man",
              "default": true
            },
            {
              "name": "convert",
              "path": "/nix/store/6jjapcx8pp0axqylg2scc36hdzhl7fz1-kubectl-1.33.3-convert"
            }
          ],
          "store_path": "/nix/store/54khy589jd9ishmn4m8mn25hjizn281r-kubectl-1.33.3"
        }
      }
    },
    "llvm_14@14.0.6": {
      "last_modified": "2024-08-15T15:07:05Z",
      "resolved": "github:NixOS/nixpkgs/35e0ed8d1875d2303fab9930c6eb205654a2f6a3#llvm_14",
      "source": "devbox-search",
      "version": "14.0.6",
      "systems": {
        "aarch64-darwin": {
          "outputs": [
            {
              "name": "out",
              "path": "/nix/store/v4sz93yrn3azxwvfyv04v4rdl3md38g1-llvm-14.0.6",
              "default": true
            },
            {
              "name": "python",
              "path": "/nix/store/641z5phyk4y9ab05nz2z06a4s35la8pz-llvm-14.0.6-python"
            },
            {
              "name": "dev",
              "path": "/nix/store/n554r03db1b86bfklmn69pp23c78b3wf-llvm-14.0.6-dev"
            },
            {
              "name": "lib",
              "path": "/nix/store/av7q7mg2l2cnv8bm3g9k47w0mghnbf5g-llvm-14.0.6-lib"
            }
          ],
          "store_path": "/nix/store/v4sz93yrn3azxwvfyv04v4rdl3md38g1-llvm-14.0.6"
        },
        "aarch64-linux": {
          "outputs": [
            {
              "name": "out",
              "path": "/nix/store/3v7xw46jfkvw2gsghywdnh93wk3c2wsp-llvm-14.0.6",
              "default": true
            },
            {
              "name": "dev",
              "path": "/nix/store/zwhs14l2y3gi9jfa420xrwvppzp5qh1q-llvm-14.0.6-dev"
            },
            {
              "name": "lib",
              "path": "/nix/store/3y552gpqijvq03ncparsj2c1lnkymcw1-llvm-14.0.6-lib"
            },
            {
              "name": "python",
              "path": "/nix/store/xd0xdg1b4vhv4ygvy1ppksa7isd52vgh-llvm-14.0.6-python"
            }
          ],
          "store_path": "/nix/store/3v7xw46jfkvw2gsghywdnh93wk3c2wsp-llvm-14.0.6"
        },
        "x86_64-darwin": {
          "outputs": [
            {
              "name": "out",
              "path": "/nix/store/fp2fx47595707l0hxydkda5iapbgpgkq-llvm-14.0.6",
              "default": true
            },
            {
              "name": "dev",
              "path": "/nix/store/9mlvgd1wv2msv6xq3xip8bl39d5m9y2v-llvm-14.0.6-dev"
            },
            {
              "name": "lib",
              "path": "/nix/store/x9c5ykhhgz3iprlpppva22mvgk6f8g72-llvm-14.0.6-lib"
            },
            {
              "name": "python",
              "path": "/nix/store/7fil7pnn0hni2b77xm4qwkj1fjiflnpi-llvm-14.0.6-python"
            }
          ],
          "store_path": "/nix/store/fp2fx47595707l0hxydkda5iapbgpgkq-llvm-14.0.6"
        },
        "x86_64-linux": {
          "outputs": [
            {
              "name": "out",
              "path": "/nix/store/ibsc9a6rlg45yxksmncx8smbmqxgvqcb-llvm-14.0.6",
              "default": true
            },
            {
              "name": "lib",
              "path": "/nix/store/xj22vzv191xinsgghqcz28q610nngr95-llvm-14.0.6-lib"
            },
            {
              "name": "python",
              "path": "/nix/store/9sx3l185rw9fz73szcpnwj054j5j7qby-llvm-14.0.6-python"
            },
            {
              "name": "dev",
              "path": "/nix/store/z0h8b79jslamd5qp30cfid98dxh19kr5-llvm-14.0.6-dev"
            }
          ],
          "store_path": "/nix/store/ibsc9a6rlg45yxksmncx8smbmqxgvqcb-llvm-14.0.6"
        }
      }
    },
    "protobuf@29.3": {
      "last_modified": "2025-02-07T11:26:36Z",
      "resolved": "github:NixOS/nixpkgs/d98abf5cf5914e5e4e9d57205e3af55ca90ffc1d#protobuf",
      "source": "devbox-search",
      "version": "29.3",
      "systems": {
        "aarch64-darwin": {
          "outputs": [
            {
              "name": "out",
              "path": "/nix/store/1khpi5h6ccm89jb39aiy00ar6lzk6hfs-protobuf-29.3",
              "default": true
            }
          ],
          "store_path": "/nix/store/1khpi5h6ccm89jb39aiy00ar6lzk6hfs-protobuf-29.3"
        },
        "aarch64-linux": {
          "outputs": [
            {
              "name": "out",
              "path": "/nix/store/mfzhbwmg14g4acrzmp9r34jcp3amahhd-protobuf-29.3",
              "default": true
            }
          ],
          "store_path": "/nix/store/mfzhbwmg14g4acrzmp9r34jcp3amahhd-protobuf-29.3"
        },
        "x86_64-darwin": {
          "outputs": [
            {
              "name": "out",
              "path": "/nix/store/8xnlvilzyz9zmnv2jq6xxsdqjv9p2rxk-protobuf-29.3",
              "default": true
            }
          ],
          "store_path": "/nix/store/8xnlvilzyz9zmnv2jq6xxsdqjv9p2rxk-protobuf-29.3"
        },
        "x86_64-linux": {
          "outputs": [
            {
              "name": "out",
              "path": "/nix/store/9abl0v72kijy793n1l9vbgr556fiph59-protobuf-29.3",
              "default": true
            }
          ],
          "store_path": "/nix/store/9abl0v72kijy793n1l9vbgr556fiph59-protobuf-29.3"
        }
      }
    },
    "protoc-gen-go-grpc@1.5.1": {
      "last_modified": "2025-02-07T11:26:36Z",
      "resolved": "github:NixOS/nixpkgs/d98abf5cf5914e5e4e9d57205e3af55ca90ffc1d#protoc-gen-go-grpc",
      "source": "devbox-search",
      "version": "1.5.1",
      "systems": {
        "aarch64-darwin": {
          "outputs": [
            {
              "name": "out",
              "path": "/nix/store/pjhihkmm2kgg543rrfdrbiikyk5hbq2p-protoc-gen-go-grpc-1.5.1",
              "default": true
            }
          ],
          "store_path": "/nix/store/pjhihkmm2kgg543rrfdrbiikyk5hbq2p-protoc-gen-go-grpc-1.5.1"
        },
        "aarch64-linux": {
          "outputs": [
            {
              "name": "out",
              "path": "/nix/store/s0rzqi9121i8n7x950yq54h0rlrjl4l1-protoc-gen-go-grpc-1.5.1",
              "default": true
            }
          ],
          "store_path": "/nix/store/s0rzqi9121i8n7x950yq54h0rlrjl4l1-protoc-gen-go-grpc-1.5.1"
        },
        "x86_64-darwin": {
          "outputs": [
            {
              "name": "out",
              "path": "/nix/store/rlxz5c02yrq105axwb4mrh4mh2gphyv0-protoc-gen-go-grpc-1.5.1",
              "default": true
            }
          ],
          "store_path": "/nix/store/rlxz5c02yrq105axwb4mrh4mh2gphyv0-protoc-gen-go-grpc-1.5.1"
        },
        "x86_64-linux": {
          "outputs": [
            {
              "name": "out",
              "path": "/nix/store/brxbcwhbn3pvjwyhkxi4vsh09c5nbvsh-protoc-gen-go-grpc-1.5.1",
              "default": true
            }
          ],
          "store_path": "/nix/store/brxbcwhbn3pvjwyhkxi4vsh09c5nbvsh-protoc-gen-go-grpc-1.5.1"
        }
      }
    },
    "protoc-gen-go@1.36.6": {
      "last_modified": "2025-07-13T22:45:35Z",
      "resolved": "github:NixOS/nixpkgs/a421ac6595024edcfbb1ef950a3712b89161c359#protoc-gen-go",
      "source": "devbox-search",
      "version": "1.36.6",
      "systems": {
        "aarch64-darwin": {
          "outputs": [
            {
              "name": "out",
              "path": "/nix/store/xc0qfwamyrfjnhfb3cddjahs7mnlibdh-protoc-gen-go-1.36.6",
              "default": true
            }
          ],
          "store_path": "/nix/store/xc0qfwamyrfjnhfb3cddjahs7mnlibdh-protoc-gen-go-1.36.6"
        },
        "aarch64-linux": {
          "outputs": [
            {
              "name": "out",
              "path": "/nix/store/dv4f4yminmssdl4brbgjfydjwjnfvn6q-protoc-gen-go-1.36.6",
              "default": true
            }
          ],
          "store_path": "/nix/store/dv4f4yminmssdl4brbgjfydjwjnfvn6q-protoc-gen-go-1.36.6"
        },
        "x86_64-darwin": {
          "outputs": [
            {
              "name": "out",
              "path": "/nix/store/wmmzvbli54g97czrqf22axzr86p7v6as-protoc-gen-go-1.36.6",
              "default": true
            }
          ],
          "store_path": "/nix/store/wmmzvbli54g97czrqf22axzr86p7v6as-protoc-gen-go-1.36.6"
        },
        "x86_64-linux": {
          "outputs": [
            {
              "name": "out",
              "path": "/nix/store/s8vg6brwfq3pswxramsw38q1g0sc54z2-protoc-gen-go-1.36.6",
              "default": true
            }
          ],
          "store_path": "/nix/store/s8vg6brwfq3pswxramsw38q1g0sc54z2-protoc-gen-go-1.36.6"
        }
      }
    },
    "tilt@0.35.0": {
      "last_modified": "2025-07-13T22:45:35Z",
      "resolved": "github:NixOS/nixpkgs/a421ac6595024edcfbb1ef950a3712b89161c359#tilt",
      "source": "devbox-search",
      "version": "0.35.0",
      "systems": {
        "aarch64-darwin": {
          "outputs": [
            {
              "name": "out",
              "path": "/nix/store/x0hd53h0b88fcs4v1rwv9psqlvjpym57-tilt-0.35.0",
              "default": true
            }
          ],
          "store_path": "/nix/store/x0hd53h0b88fcs4v1rwv9psqlvjpym57-tilt-0.35.0"
        },
        "aarch64-linux": {
          "outputs": [
            {
              "name": "out",
              "path": "/nix/store/cbj8zfdajlasfqcyl1jsp9ql6cf0nhk3-tilt-0.35.0",
              "default": true
            }
          ],
          "store_path": "/nix/store/cbj8zfdajlasfqcyl1jsp9ql6cf0nhk3-tilt-0.35.0"
        },
        "x86_64-darwin": {
          "outputs": [
            {
              "name": "out",
              "path": "/nix/store/5170d90gprzrn87k6csvvrxvs7z3hp78-tilt-0.35.0",
              "default": true
            }
          ],
          "store_path": "/nix/store/5170d90gprzrn87k6csvvrxvs7z3hp78-tilt-0.35.0"
        },
        "x86_64-linux": {
          "outputs": [
            {
              "name": "out",
              "path": "/nix/store/ijrmwvfxrz48bwy5mnpg5vy149bilw4p-tilt-0.35.0",
              "default": true
            }
          ],
          "store_path": "/nix/store/ijrmwvfxrz48bwy5mnpg5vy149bilw4p-tilt-0.35.0"
        }
      }
    }
  }
}
