{
  "lockfile_version": "1",
  "packages": {
    "bpftrace@latest": {
      "last_modified": "2024-08-15T06:27:57Z",
      "resolved": "github:NixOS/nixpkgs/8b908192e64224420e2d59dfd9b2e4309e154c5d#bpftrace",
      "source": "devbox-search",
      "version": "0.21.2",
      "systems": {
        "aarch64-linux": {
          "outputs": [
            {
              "name": "out",
              "path": "/nix/store/z270p45hrshji023nklznx1w2gbkqncn-bpftrace-0.21.2",
              "default": true
            },
            {
              "name": "man",
              "path": "/nix/store/0zdzxmc6y4bcj5vxb3y5lih46lbwg8kp-bpftrace-0.21.2-man",
              "default": true
            }
          ],
          "store_path": "/nix/store/z270p45hrshji023nklznx1w2gbkqncn-bpftrace-0.21.2"
        },
        "x86_64-linux": {
          "outputs": [
            {
              "name": "out",
              "path": "/nix/store/dsk1xfqxx8mgaxghbzhs5cg25k832za7-bpftrace-0.21.2",
              "default": true
            },
            {
              "name": "man",
              "path": "/nix/store/7jp8rpzg8h51j0gdv8hzi1ampkiwkzkv-bpftrace-0.21.2-man",
              "default": true
            }
          ],
          "store_path": "/nix/store/dsk1xfqxx8mgaxghbzhs5cg25k832za7-bpftrace-0.21.2"
        }
      }
    },
    "clang_14@latest": {
      "last_modified": "2024-03-22T11:26:23Z",
      "resolved": "github:NixOS/nixpkgs/a3ed7406349a9335cb4c2a71369b697cecd9d351#clang_14",
      "source": "devbox-search",
      "version": "14.0.6",
      "systems": {
        "aarch64-darwin": {
          "outputs": [
            {
              "name": "out",
              "path": "/nix/store/35d0qrfhiyh93q3k1ikpdbmxmj4g4d1w-clang-wrapper-14.0.6",
              "default": true
            }
          ],
          "store_path": "/nix/store/35d0qrfhiyh93q3k1ikpdbmxmj4g4d1w-clang-wrapper-14.0.6"
        },
        "aarch64-linux": {
          "outputs": [
            {
              "name": "out",
              "path": "/nix/store/wyv2k65z8v89byr44xfgzfr3zl72nqvn-clang-wrapper-14.0.6",
              "default": true
            }
          ],
          "store_path": "/nix/store/wyv2k65z8v89byr44xfgzfr3zl72nqvn-clang-wrapper-14.0.6"
        },
        "x86_64-darwin": {
          "outputs": [
            {
              "name": "out",
              "path": "/nix/store/crhjarlrcgg4gfcfz5zz6w7fcdh0j4a4-clang-wrapper-14.0.6",
              "default": true
            }
          ],
          "store_path": "/nix/store/crhjarlrcgg4gfcfz5zz6w7fcdh0j4a4-clang-wrapper-14.0.6"
        },
        "x86_64-linux": {
          "outputs": [
            {
              "name": "out",
              "path": "/nix/store/5v3jnw2gyss75z2fx11msdn9z3haifyv-clang-wrapper-14.0.6",
              "default": true
            }
          ],
          "store_path": "/nix/store/5v3jnw2gyss75z2fx11msdn9z3haifyv-clang-wrapper-14.0.6"
        }
      }
    },
    "go@1.22": {
      "last_modified": "2024-03-22T11:26:23Z",
      "resolved": "github:NixOS/nixpkgs/a3ed7406349a9335cb4c2a71369b697cecd9d351#go",
      "source": "devbox-search",
      "version": "1.22.1",
      "systems": {
        "aarch64-darwin": {
          "outputs": [
            {
              "name": "out",
              "path": "/nix/store/n1k6wf8q10q7k0863gb78b1rf0j07r7r-go-1.22.1",
              "default": true
            }
          ],
          "store_path": "/nix/store/n1k6wf8q10q7k0863gb78b1rf0j07r7r-go-1.22.1"
        },
        "aarch64-linux": {
          "outputs": [
            {
              "name": "out",
              "path": "/nix/store/fl6cjlp5bvykfz1kxrw687zxzld25pn7-go-1.22.1",
              "default": true
            }
          ],
          "store_path": "/nix/store/fl6cjlp5bvykfz1kxrw687zxzld25pn7-go-1.22.1"
        },
        "x86_64-darwin": {
          "outputs": [
            {
              "name": "out",
              "path": "/nix/store/xgdp7gnf6vzr2ick2ip1lhq4cww65p7w-go-1.22.1",
              "default": true
            }
          ],
          "store_path": "/nix/store/xgdp7gnf6vzr2ick2ip1lhq4cww65p7w-go-1.22.1"
        },
        "x86_64-linux": {
          "outputs": [
            {
              "name": "out",
              "path": "/nix/store/bp39dh48cdqp89hk5mpdi1lxdf0mjl7x-go-1.22.1",
              "default": true
            }
          ],
          "store_path": "/nix/store/bp39dh48cdqp89hk5mpdi1lxdf0mjl7x-go-1.22.1"
        }
      }
    },
    "llvm_14@latest": {
      "last_modified": "2023-02-24T09:01:09Z",
      "resolved": "github:NixOS/nixpkgs/7d0ed7f2e5aea07ab22ccb338d27fbe347ed2f11#llvm_14",
      "source": "devbox-search",
      "version": "14.0.6"
    },
    "protobuf@3.24.3": {
      "last_modified": "2023-10-25T20:49:13Z",
      "resolved": "github:NixOS/nixpkgs/75a52265bda7fd25e06e3a67dee3f0354e73243c#protobuf",
      "source": "devbox-search",
      "version": "3.24.3",
      "systems": {
        "aarch64-darwin": {
          "outputs": [
            {
              "name": "out",
              "path": "/nix/store/1fz6n69fsz72j31w07ah66hyap156zdn-protobuf-3.24.3",
              "default": true
            }
          ],
          "store_path": "/nix/store/1fz6n69fsz72j31w07ah66hyap156zdn-protobuf-3.24.3"
        },
        "aarch64-linux": {
          "outputs": [
            {
              "name": "out",
              "path": "/nix/store/5jjzvdcdrsnz9rbijz0l54nvqq0qac4b-protobuf-3.24.3",
              "default": true
            }
          ],
          "store_path": "/nix/store/5jjzvdcdrsnz9rbijz0l54nvqq0qac4b-protobuf-3.24.3"
        },
        "x86_64-darwin": {
          "outputs": [
            {
              "name": "out",
              "path": "/nix/store/a8sg09rq2k1c7hm2586bq6xcg8bn2s0c-protobuf-3.24.3",
              "default": true
            }
          ],
          "store_path": "/nix/store/a8sg09rq2k1c7hm2586bq6xcg8bn2s0c-protobuf-3.24.3"
        },
        "x86_64-linux": {
          "outputs": [
            {
              "name": "out",
              "path": "/nix/store/5prkzfpsimriksa691j4ip7w90gn4ca7-protobuf-3.24.3",
              "default": true
            }
          ],
          "store_path": "/nix/store/5prkzfpsimriksa691j4ip7w90gn4ca7-protobuf-3.24.3"
        }
      }
    },
    "protoc-gen-go-grpc@1.3.0": {
      "last_modified": "2024-05-29T10:04:41Z",
      "resolved": "github:NixOS/nixpkgs/ac82a513e55582291805d6f09d35b6d8b60637a1#protoc-gen-go-grpc",
      "source": "devbox-search",
      "version": "1.3.0",
      "systems": {
        "aarch64-darwin": {
          "outputs": [
            {
              "name": "out",
              "path": "/nix/store/qxayz2lw0vd2nvcbkcjx8bi4k285vycs-protoc-gen-go-grpc-1.3.0",
              "default": true
            }
          ],
          "store_path": "/nix/store/qxayz2lw0vd2nvcbkcjx8bi4k285vycs-protoc-gen-go-grpc-1.3.0"
        },
        "aarch64-linux": {
          "outputs": [
            {
              "name": "out",
              "path": "/nix/store/vpfd03dadv77f1qix4njdfqyh7qcjyz4-protoc-gen-go-grpc-1.3.0",
              "default": true
            }
          ],
          "store_path": "/nix/store/vpfd03dadv77f1qix4njdfqyh7qcjyz4-protoc-gen-go-grpc-1.3.0"
        },
        "x86_64-darwin": {
          "outputs": [
            {
              "name": "out",
              "path": "/nix/store/n0i2qrdxv6q3c9p5baiwdq5l6zx7cni9-protoc-gen-go-grpc-1.3.0",
              "default": true
            }
          ],
          "store_path": "/nix/store/n0i2qrdxv6q3c9p5baiwdq5l6zx7cni9-protoc-gen-go-grpc-1.3.0"
        },
        "x86_64-linux": {
          "outputs": [
            {
              "name": "out",
              "path": "/nix/store/nxkq17p92r0f4hmqa15082lg7sk0n8km-protoc-gen-go-grpc-1.3.0",
              "default": true
            }
          ],
          "store_path": "/nix/store/nxkq17p92r0f4hmqa15082lg7sk0n8km-protoc-gen-go-grpc-1.3.0"
        }
      }
    },
    "protoc-gen-go@1.34.1": {
      "last_modified": "2024-05-29T10:04:41Z",
      "resolved": "github:NixOS/nixpkgs/ac82a513e55582291805d6f09d35b6d8b60637a1#protoc-gen-go",
      "source": "devbox-search",
      "version": "1.34.1",
      "systems": {
        "aarch64-darwin": {
          "outputs": [
            {
              "name": "out",
              "path": "/nix/store/2ysflrnd7y69lh05zkjjgm45gdj7b6wh-protoc-gen-go-1.34.1",
              "default": true
            }
          ],
          "store_path": "/nix/store/2ysflrnd7y69lh05zkjjgm45gdj7b6wh-protoc-gen-go-1.34.1"
        },
        "aarch64-linux": {
          "outputs": [
            {
              "name": "out",
              "path": "/nix/store/n6szld25ykzbs1msp1sf94p52q839vlh-protoc-gen-go-1.34.1",
              "default": true
            }
          ],
          "store_path": "/nix/store/n6szld25ykzbs1msp1sf94p52q839vlh-protoc-gen-go-1.34.1"
        },
        "x86_64-darwin": {
          "outputs": [
            {
              "name": "out",
              "path": "/nix/store/a9qqhr312kliz765rqw4qdp6i0fwsk60-protoc-gen-go-1.34.1",
              "default": true
            }
          ],
          "store_path": "/nix/store/a9qqhr312kliz765rqw4qdp6i0fwsk60-protoc-gen-go-1.34.1"
        },
        "x86_64-linux": {
          "outputs": [
            {
              "name": "out",
              "path": "/nix/store/x7ajlp6djvhlhw5jjzf8rabkxgka7m2j-protoc-gen-go-1.34.1",
              "default": true
            }
          ],
          "store_path": "/nix/store/x7ajlp6djvhlhw5jjzf8rabkxgka7m2j-protoc-gen-go-1.34.1"
        }
      }
    },
    "tilt@0.33.10": {
      "last_modified": "2024-06-16T13:15:37Z",
      "resolved": "github:NixOS/nixpkgs/683aa7c4e385509ca651d49eeb35e58c7a1baad6#tilt",
      "source": "devbox-search",
      "version": "0.33.10",
      "systems": {
        "aarch64-darwin": {
          "outputs": [
            {
              "name": "out",
              "path": "/nix/store/gzwq36y6jkihjkjbc23wgg8b2s7j1ng6-tilt-0.33.10",
              "default": true
            }
          ],
          "store_path": "/nix/store/gzwq36y6jkihjkjbc23wgg8b2s7j1ng6-tilt-0.33.10"
        },
        "aarch64-linux": {
          "outputs": [
            {
              "name": "out",
              "path": "/nix/store/2gaw5amxl27jarn82ia5nwxasn2m2p0p-tilt-0.33.10",
              "default": true
            }
          ],
          "store_path": "/nix/store/2gaw5amxl27jarn82ia5nwxasn2m2p0p-tilt-0.33.10"
        },
        "x86_64-darwin": {
          "outputs": [
            {
              "name": "out",
              "path": "/nix/store/haxd3aa1h4z7i55kgzqhc12hva007y2z-tilt-0.33.10",
              "default": true
            }
          ],
          "store_path": "/nix/store/haxd3aa1h4z7i55kgzqhc12hva007y2z-tilt-0.33.10"
        },
        "x86_64-linux": {
          "outputs": [
            {
              "name": "out",
              "path": "/nix/store/2z7zm1h4rgd69hkda6j73ibpibbzzp1l-tilt-0.33.10",
              "default": true
            }
          ],
          "store_path": "/nix/store/2z7zm1h4rgd69hkda6j73ibpibbzzp1l-tilt-0.33.10"
        }
      }
    }
  }
}
