{
  "lockfile_version": "1",
  "packages": {
    "bpftool@5.19.12": {
      "last_modified": "2023-02-24T09:01:09Z",
      "resolved": "github:NixOS/nixpkgs/7d0ed7f2e5aea07ab22ccb338d27fbe347ed2f11#bpftool",
      "source": "devbox-search",
      "version": "5.19.12",
      "systems": {
        "x86_64-linux": {
          "outputs": [
            {
              "path": "/tmp/containerbase/cache/nix/store/c9gskwavz26y6rx4xfagys8zai7zxwzs-bpftools-5.19.12",
              "default": true
            }
          ]
        }
      }
    },
    "bpftrace@0.23.5": {
      "last_modified": "2025-06-29T07:09:35Z",
      "resolved": "github:NixOS/nixpkgs/a48741b083d4f36dd79abd9f760c84da6b4dc0e5#bpftrace",
      "source": "devbox-search",
      "version": "0.23.5",
      "systems": {
        "aarch64-linux": {
          "outputs": [
            {
              "name": "out",
              "path": "/nix/store/cjhyrp0drz7fhr1mkdxdxrcxvxnj0xa4-bpftrace-0.23.5",
              "default": true
            },
            {
              "name": "man",
              "path": "/nix/store/9xsk27k5was9s02ah6syra0jn4qyqyz2-bpftrace-0.23.5-man",
              "default": true
            }
          ],
          "store_path": "/nix/store/cjhyrp0drz7fhr1mkdxdxrcxvxnj0xa4-bpftrace-0.23.5"
        },
        "x86_64-linux": {
          "outputs": [
            {
              "name": "out",
              "path": "/nix/store/lf04dnnbnxqday4nn72imcq8cpr5sf6s-bpftrace-0.23.5",
              "default": true
            },
            {
              "name": "man",
              "path": "/nix/store/lvnzp5v3f4lw908ps8w3g1ak978jywzz-bpftrace-0.23.5-man",
              "default": true
            }
          ],
          "store_path": "/nix/store/lf04dnnbnxqday4nn72imcq8cpr5sf6s-bpftrace-0.23.5"
        }
      }
    },
    "clang_14@14.0.6": {
      "last_modified": "2025-03-23T05:31:05Z",
      "resolved": "github:NixOS/nixpkgs/dd613136ee91f67e5dba3f3f41ac99ae89c5406b#clang_14",
      "source": "devbox-search",
      "version": "14.0.6",
      "systems": {
        "aarch64-darwin": {
          "outputs": [
            {
              "name": "out",
              "path": "/nix/store/kpdkmg8xlwsqvgh7gnsr97knvc0q2l6x-clang-wrapper-14.0.6",
              "default": true
            }
          ],
          "store_path": "/nix/store/kpdkmg8xlwsqvgh7gnsr97knvc0q2l6x-clang-wrapper-14.0.6"
        },
        "aarch64-linux": {
          "outputs": [
            {
              "name": "out",
              "path": "/nix/store/bcb03j3ipgkilfjjqnh1sf30ip2xyd7x-clang-wrapper-14.0.6",
              "default": true
            }
          ],
          "store_path": "/nix/store/bcb03j3ipgkilfjjqnh1sf30ip2xyd7x-clang-wrapper-14.0.6"
        },
        "x86_64-darwin": {
          "outputs": [
            {
              "name": "out",
              "path": "/nix/store/b74hzjhijifhyhnbnz3x3x23z8l435z3-clang-wrapper-14.0.6",
              "default": true
            }
          ],
          "store_path": "/nix/store/b74hzjhijifhyhnbnz3x3x23z8l435z3-clang-wrapper-14.0.6"
        },
        "x86_64-linux": {
          "outputs": [
            {
              "name": "out",
              "path": "/nix/store/mnrgr0s90q5jvi9scprvdl3g1kqgpxyb-clang-wrapper-14.0.6",
              "default": true
            }
          ],
          "store_path": "/nix/store/mnrgr0s90q5jvi9scprvdl3g1kqgpxyb-clang-wrapper-14.0.6"
        }
      }
    },
    "github:NixOS/nixpkgs/nixpkgs-unstable": {
      "last_modified": "2025-06-10T12:31:18Z",
      "resolved": "github:NixOS/nixpkgs/a12f3a99614894502e73eb816e9e076b0ab05730?lastModified=1749558678&narHash=sha256-DUVAe8E2X2QM0dAnTGlTiqemMqUMMyIeCH7UeNo0g64%3D"
    },
    "go@1.24.4": {
      "last_modified": "2025-06-20T02:24:11Z",
      "resolved": "github:NixOS/nixpkgs/076e8c6678d8c54204abcb4b1b14c366835a58bb#go",
      "source": "devbox-search",
      "version": "1.24.4",
      "systems": {
        "aarch64-darwin": {
          "outputs": [
            {
              "name": "out",
              "path": "/nix/store/rq7irijkj3nhapmjcv9d96xgkisj55x2-go-1.24.4",
              "default": true
            }
          ],
          "store_path": "/nix/store/rq7irijkj3nhapmjcv9d96xgkisj55x2-go-1.24.4"
        },
        "aarch64-linux": {
          "outputs": [
            {
              "name": "out",
              "path": "/nix/store/9f64p4ip4iz2nba4wyhn1baq6b6pb6ss-go-1.24.4",
              "default": true
            }
          ],
          "store_path": "/nix/store/9f64p4ip4iz2nba4wyhn1baq6b6pb6ss-go-1.24.4"
        },
        "x86_64-darwin": {
          "outputs": [
            {
              "name": "out",
              "path": "/nix/store/n0gqcdpdk0ap2ikasi36r0szwpk2g35q-go-1.24.4",
              "default": true
            }
          ],
          "store_path": "/nix/store/n0gqcdpdk0ap2ikasi36r0szwpk2g35q-go-1.24.4"
        },
        "x86_64-linux": {
          "outputs": [
            {
              "name": "out",
              "path": "/nix/store/mdn9hnvf0qmxywbrpbywmxww2adxdn5v-go-1.24.4",
              "default": true
            }
          ],
          "store_path": "/nix/store/mdn9hnvf0qmxywbrpbywmxww2adxdn5v-go-1.24.4"
        }
      }
    },
    "golangci-lint@2.1.6": {
      "last_modified": "2025-06-20T02:24:11Z",
      "resolved": "github:NixOS/nixpkgs/076e8c6678d8c54204abcb4b1b14c366835a58bb#golangci-lint",
      "source": "devbox-search",
      "version": "2.1.6",
      "systems": {
        "aarch64-darwin": {
          "outputs": [
            {
              "name": "out",
              "path": "/nix/store/5z49nhvzp7i2p66w5kcc6gp88mf6ykm2-golangci-lint-2.1.6",
              "default": true
            }
          ],
          "store_path": "/nix/store/5z49nhvzp7i2p66w5kcc6gp88mf6ykm2-golangci-lint-2.1.6"
        },
        "aarch64-linux": {
          "outputs": [
            {
              "name": "out",
              "path": "/nix/store/xzgnibdhl6n685dhf51bpnvk54scq73b-golangci-lint-2.1.6",
              "default": true
            }
          ],
          "store_path": "/nix/store/xzgnibdhl6n685dhf51bpnvk54scq73b-golangci-lint-2.1.6"
        },
        "x86_64-darwin": {
          "outputs": [
            {
              "name": "out",
              "path": "/nix/store/np9mm9awpdf0sf8yxfa6bx79b4khx9yy-golangci-lint-2.1.6",
              "default": true
            }
          ],
          "store_path": "/nix/store/np9mm9awpdf0sf8yxfa6bx79b4khx9yy-golangci-lint-2.1.6"
        },
        "x86_64-linux": {
          "outputs": [
            {
              "name": "out",
              "path": "/nix/store/drzafhdvgw211wf6rrm0wq7wf0g47m8j-golangci-lint-2.1.6",
              "default": true
            }
          ],
          "store_path": "/nix/store/drzafhdvgw211wf6rrm0wq7wf0g47m8j-golangci-lint-2.1.6"
        }
      }
    },
    "kind@0.29.0": {
      "last_modified": "2025-06-20T02:24:11Z",
      "resolved": "github:NixOS/nixpkgs/076e8c6678d8c54204abcb4b1b14c366835a58bb#kind",
      "source": "devbox-search",
      "version": "0.29.0",
      "systems": {
        "aarch64-darwin": {
          "outputs": [
            {
              "name": "out",
              "path": "/nix/store/ndl4z2y9nsn7n5ii7hs49ddg79p2pb6a-kind-0.29.0",
              "default": true
            }
          ],
          "store_path": "/nix/store/ndl4z2y9nsn7n5ii7hs49ddg79p2pb6a-kind-0.29.0"
        },
        "aarch64-linux": {
          "outputs": [
            {
              "name": "out",
              "path": "/nix/store/j9sdb4vkf9ck1kvfy8vvn17cq3a21s6a-kind-0.29.0",
              "default": true
            }
          ],
          "store_path": "/nix/store/j9sdb4vkf9ck1kvfy8vvn17cq3a21s6a-kind-0.29.0"
        },
        "x86_64-darwin": {
          "outputs": [
            {
              "name": "out",
              "path": "/nix/store/161h1s9n2260g2lr3dsjmfczv8gjx5q9-kind-0.29.0",
              "default": true
            }
          ],
          "store_path": "/nix/store/161h1s9n2260g2lr3dsjmfczv8gjx5q9-kind-0.29.0"
        },
        "x86_64-linux": {
          "outputs": [
            {
              "name": "out",
              "path": "/nix/store/swafyrx3qn2xjdz3sp7dy8pg7bxpfn3h-kind-0.29.0",
              "default": true
            }
          ],
          "store_path": "/nix/store/swafyrx3qn2xjdz3sp7dy8pg7bxpfn3h-kind-0.29.0"
        }
      }
    },
    "kubectl@1.33.2": {
      "last_modified": "2025-06-24T02:18:21Z",
      "resolved": "github:NixOS/nixpkgs/69dfebb3d175bde602f612915c5576a41b18486b#kubectl",
      "source": "devbox-search",
      "version": "1.33.2",
      "systems": {
        "aarch64-darwin": {
          "outputs": [
            {
              "name": "out",
              "path": "/nix/store/3wkf3fdmr0fih985wfys1ww50bc3h7rw-kubectl-1.33.2",
              "default": true
            },
            {
              "name": "man",
              "path": "/nix/store/ak2m30yf18kkqmaya0ydpdjwn0zsxc4n-kubectl-1.33.2-man",
              "default": true
            },
            {
              "name": "convert",
              "path": "/nix/store/gv3hrpka75q4b7alipw8l17nfl3x8zsy-kubectl-1.33.2-convert"
            }
          ],
          "store_path": "/nix/store/3wkf3fdmr0fih985wfys1ww50bc3h7rw-kubectl-1.33.2"
        },
        "aarch64-linux": {
          "outputs": [
            {
              "name": "out",
              "path": "/nix/store/3kami7n1lmlnmsxkb9rw5wi5ifrxsspq-kubectl-1.33.2",
              "default": true
            },
            {
              "name": "man",
              "path": "/nix/store/5dks8ys8p6gxbihncwrsv14g7k57cqki-kubectl-1.33.2-man",
              "default": true
            },
            {
              "name": "convert",
              "path": "/nix/store/i6z2z31ys86fgv2d5hg1pqjkaxiz4nj4-kubectl-1.33.2-convert"
            }
          ],
          "store_path": "/nix/store/3kami7n1lmlnmsxkb9rw5wi5ifrxsspq-kubectl-1.33.2"
        },
        "x86_64-darwin": {
          "outputs": [
            {
              "name": "out",
              "path": "/nix/store/hxsqda44nbnpmmnycxj01pgaf8npdlbf-kubectl-1.33.2",
              "default": true
            },
            {
              "name": "man",
              "path": "/nix/store/hna89iqmim83bv2k7jv8rn51s1r0gn0s-kubectl-1.33.2-man",
              "default": true
            },
            {
              "name": "convert",
              "path": "/nix/store/06waawlgkz5sf3l1kmq2zghks2rh32sf-kubectl-1.33.2-convert"
            }
          ],
          "store_path": "/nix/store/hxsqda44nbnpmmnycxj01pgaf8npdlbf-kubectl-1.33.2"
        },
        "x86_64-linux": {
          "outputs": [
            {
              "name": "out",
              "path": "/nix/store/17hz4mgnd2s1x48x5plyg63q46xprywp-kubectl-1.33.2",
              "default": true
            },
            {
              "name": "man",
              "path": "/nix/store/1dlk3sma52pi5zzklqk6kgn1cq9fmlia-kubectl-1.33.2-man",
              "default": true
            },
            {
              "name": "convert",
              "path": "/nix/store/1c8nqwzjdxykbq49sgb8wpba6w2j0qx7-kubectl-1.33.2-convert"
            }
          ],
          "store_path": "/nix/store/17hz4mgnd2s1x48x5plyg63q46xprywp-kubectl-1.33.2"
        }
      }
    },
    "llvm_14@14.0.6": {
      "last_modified": "2024-08-15T15:07:05Z",
      "resolved": "github:NixOS/nixpkgs/35e0ed8d1875d2303fab9930c6eb205654a2f6a3#llvm_14",
      "source": "devbox-search",
      "version": "14.0.6",
      "systems": {
        "aarch64-darwin": {
          "outputs": [
            {
              "name": "out",
              "path": "/nix/store/v4sz93yrn3azxwvfyv04v4rdl3md38g1-llvm-14.0.6",
              "default": true
            },
            {
              "name": "python",
              "path": "/nix/store/641z5phyk4y9ab05nz2z06a4s35la8pz-llvm-14.0.6-python"
            },
            {
              "name": "dev",
              "path": "/nix/store/n554r03db1b86bfklmn69pp23c78b3wf-llvm-14.0.6-dev"
            },
            {
              "name": "lib",
              "path": "/nix/store/av7q7mg2l2cnv8bm3g9k47w0mghnbf5g-llvm-14.0.6-lib"
            }
          ],
          "store_path": "/nix/store/v4sz93yrn3azxwvfyv04v4rdl3md38g1-llvm-14.0.6"
        },
        "aarch64-linux": {
          "outputs": [
            {
              "name": "out",
              "path": "/nix/store/3v7xw46jfkvw2gsghywdnh93wk3c2wsp-llvm-14.0.6",
              "default": true
            },
            {
              "name": "dev",
              "path": "/nix/store/zwhs14l2y3gi9jfa420xrwvppzp5qh1q-llvm-14.0.6-dev"
            },
            {
              "name": "lib",
              "path": "/nix/store/3y552gpqijvq03ncparsj2c1lnkymcw1-llvm-14.0.6-lib"
            },
            {
              "name": "python",
              "path": "/nix/store/xd0xdg1b4vhv4ygvy1ppksa7isd52vgh-llvm-14.0.6-python"
            }
          ],
          "store_path": "/nix/store/3v7xw46jfkvw2gsghywdnh93wk3c2wsp-llvm-14.0.6"
        },
        "x86_64-darwin": {
          "outputs": [
            {
              "name": "out",
              "path": "/nix/store/fp2fx47595707l0hxydkda5iapbgpgkq-llvm-14.0.6",
              "default": true
            },
            {
              "name": "dev",
              "path": "/nix/store/9mlvgd1wv2msv6xq3xip8bl39d5m9y2v-llvm-14.0.6-dev"
            },
            {
              "name": "lib",
              "path": "/nix/store/x9c5ykhhgz3iprlpppva22mvgk6f8g72-llvm-14.0.6-lib"
            },
            {
              "name": "python",
              "path": "/nix/store/7fil7pnn0hni2b77xm4qwkj1fjiflnpi-llvm-14.0.6-python"
            }
          ],
          "store_path": "/nix/store/fp2fx47595707l0hxydkda5iapbgpgkq-llvm-14.0.6"
        },
        "x86_64-linux": {
          "outputs": [
            {
              "name": "out",
              "path": "/nix/store/ibsc9a6rlg45yxksmncx8smbmqxgvqcb-llvm-14.0.6",
              "default": true
            },
            {
              "name": "lib",
              "path": "/nix/store/xj22vzv191xinsgghqcz28q610nngr95-llvm-14.0.6-lib"
            },
            {
              "name": "python",
              "path": "/nix/store/9sx3l185rw9fz73szcpnwj054j5j7qby-llvm-14.0.6-python"
            },
            {
              "name": "dev",
              "path": "/nix/store/z0h8b79jslamd5qp30cfid98dxh19kr5-llvm-14.0.6-dev"
            }
          ],
          "store_path": "/nix/store/ibsc9a6rlg45yxksmncx8smbmqxgvqcb-llvm-14.0.6"
        }
      }
    },
    "protobuf@29.3": {
      "last_modified": "2025-02-07T11:26:36Z",
      "resolved": "github:NixOS/nixpkgs/d98abf5cf5914e5e4e9d57205e3af55ca90ffc1d#protobuf",
      "source": "devbox-search",
      "version": "29.3",
      "systems": {
        "aarch64-darwin": {
          "outputs": [
            {
              "name": "out",
              "path": "/nix/store/1khpi5h6ccm89jb39aiy00ar6lzk6hfs-protobuf-29.3",
              "default": true
            }
          ],
          "store_path": "/nix/store/1khpi5h6ccm89jb39aiy00ar6lzk6hfs-protobuf-29.3"
        },
        "aarch64-linux": {
          "outputs": [
            {
              "name": "out",
              "path": "/nix/store/mfzhbwmg14g4acrzmp9r34jcp3amahhd-protobuf-29.3",
              "default": true
            }
          ],
          "store_path": "/nix/store/mfzhbwmg14g4acrzmp9r34jcp3amahhd-protobuf-29.3"
        },
        "x86_64-darwin": {
          "outputs": [
            {
              "name": "out",
              "path": "/nix/store/8xnlvilzyz9zmnv2jq6xxsdqjv9p2rxk-protobuf-29.3",
              "default": true
            }
          ],
          "store_path": "/nix/store/8xnlvilzyz9zmnv2jq6xxsdqjv9p2rxk-protobuf-29.3"
        },
        "x86_64-linux": {
          "outputs": [
            {
              "name": "out",
              "path": "/nix/store/9abl0v72kijy793n1l9vbgr556fiph59-protobuf-29.3",
              "default": true
            }
          ],
          "store_path": "/nix/store/9abl0v72kijy793n1l9vbgr556fiph59-protobuf-29.3"
        }
      }
    },
    "protoc-gen-go-grpc@1.5.1": {
      "last_modified": "2025-02-07T11:26:36Z",
      "resolved": "github:NixOS/nixpkgs/d98abf5cf5914e5e4e9d57205e3af55ca90ffc1d#protoc-gen-go-grpc",
      "source": "devbox-search",
      "version": "1.5.1",
      "systems": {
        "aarch64-darwin": {
          "outputs": [
            {
              "name": "out",
              "path": "/nix/store/pjhihkmm2kgg543rrfdrbiikyk5hbq2p-protoc-gen-go-grpc-1.5.1",
              "default": true
            }
          ],
          "store_path": "/nix/store/pjhihkmm2kgg543rrfdrbiikyk5hbq2p-protoc-gen-go-grpc-1.5.1"
        },
        "aarch64-linux": {
          "outputs": [
            {
              "name": "out",
              "path": "/nix/store/s0rzqi9121i8n7x950yq54h0rlrjl4l1-protoc-gen-go-grpc-1.5.1",
              "default": true
            }
          ],
          "store_path": "/nix/store/s0rzqi9121i8n7x950yq54h0rlrjl4l1-protoc-gen-go-grpc-1.5.1"
        },
        "x86_64-darwin": {
          "outputs": [
            {
              "name": "out",
              "path": "/nix/store/rlxz5c02yrq105axwb4mrh4mh2gphyv0-protoc-gen-go-grpc-1.5.1",
              "default": true
            }
          ],
          "store_path": "/nix/store/rlxz5c02yrq105axwb4mrh4mh2gphyv0-protoc-gen-go-grpc-1.5.1"
        },
        "x86_64-linux": {
          "outputs": [
            {
              "name": "out",
              "path": "/nix/store/brxbcwhbn3pvjwyhkxi4vsh09c5nbvsh-protoc-gen-go-grpc-1.5.1",
              "default": true
            }
          ],
          "store_path": "/nix/store/brxbcwhbn3pvjwyhkxi4vsh09c5nbvsh-protoc-gen-go-grpc-1.5.1"
        }
      }
    },
    "protoc-gen-go@1.36.6": {
      "last_modified": "2025-06-20T02:24:11Z",
      "resolved": "github:NixOS/nixpkgs/076e8c6678d8c54204abcb4b1b14c366835a58bb#protoc-gen-go",
      "source": "devbox-search",
      "version": "1.36.6",
      "systems": {
        "aarch64-darwin": {
          "outputs": [
            {
              "name": "out",
              "path": "/nix/store/dnp38xyz92r3hfvk29ab9qb8rh571hr9-protoc-gen-go-1.36.6",
              "default": true
            }
          ],
          "store_path": "/nix/store/dnp38xyz92r3hfvk29ab9qb8rh571hr9-protoc-gen-go-1.36.6"
        },
        "aarch64-linux": {
          "outputs": [
            {
              "name": "out",
              "path": "/nix/store/zv0fhh10gq5c87b7a14q8j0dcz6qkpw4-protoc-gen-go-1.36.6",
              "default": true
            }
          ],
          "store_path": "/nix/store/zv0fhh10gq5c87b7a14q8j0dcz6qkpw4-protoc-gen-go-1.36.6"
        },
        "x86_64-darwin": {
          "outputs": [
            {
              "name": "out",
              "path": "/nix/store/01cl94zzzmfmj4ahgrw76vla6vcl2v47-protoc-gen-go-1.36.6",
              "default": true
            }
          ],
          "store_path": "/nix/store/01cl94zzzmfmj4ahgrw76vla6vcl2v47-protoc-gen-go-1.36.6"
        },
        "x86_64-linux": {
          "outputs": [
            {
              "name": "out",
              "path": "/nix/store/7hvgn2v4mlfw1gzc6gf7w3873w812ngs-protoc-gen-go-1.36.6",
              "default": true
            }
          ],
          "store_path": "/nix/store/7hvgn2v4mlfw1gzc6gf7w3873w812ngs-protoc-gen-go-1.36.6"
        }
      }
    },
    "tilt@0.35.0": {
      "last_modified": "2025-06-20T02:24:11Z",
      "resolved": "github:NixOS/nixpkgs/076e8c6678d8c54204abcb4b1b14c366835a58bb#tilt",
      "source": "devbox-search",
      "version": "0.35.0",
      "systems": {
        "aarch64-darwin": {
          "outputs": [
            {
              "name": "out",
              "path": "/nix/store/svv68lp9igqbw7mns1rcbyzr6z1mqqkh-tilt-0.35.0",
              "default": true
            }
          ],
          "store_path": "/nix/store/svv68lp9igqbw7mns1rcbyzr6z1mqqkh-tilt-0.35.0"
        },
        "aarch64-linux": {
          "outputs": [
            {
              "name": "out",
              "path": "/nix/store/wg43agbqv34c5igsyhx4izay71phziy9-tilt-0.35.0",
              "default": true
            }
          ],
          "store_path": "/nix/store/wg43agbqv34c5igsyhx4izay71phziy9-tilt-0.35.0"
        },
        "x86_64-darwin": {
          "outputs": [
            {
              "name": "out",
              "path": "/nix/store/x9xfa1y8kbmkmx3y7ikd4s03541bwgvm-tilt-0.35.0",
              "default": true
            }
          ],
          "store_path": "/nix/store/x9xfa1y8kbmkmx3y7ikd4s03541bwgvm-tilt-0.35.0"
        },
        "x86_64-linux": {
          "outputs": [
            {
              "name": "out",
              "path": "/nix/store/h2v3430wrmalrjddl6nkq911jfv61pww-tilt-0.35.0",
              "default": true
            }
          ],
          "store_path": "/nix/store/h2v3430wrmalrjddl6nkq911jfv61pww-tilt-0.35.0"
        }
      }
    }
  }
}
